<?xml version="1.0" encoding="UTF-8"?>
<CodeBlocks_project_file>
	<FileVersion major="1" minor="6"/>
	<Project>
		<Option title="PigeonSquare"/>
		<Option makefile_is_custom="1"/>
		<Option compiler="gcc"/>
		<Option virtualFolders="CMake Files\;CMake Files\dependencies\;CMake Files\dependencies\windows\;CMake Files\dependencies\windows\SFML\;CMake Files\dependencies\windows\SFML\cmake\;CMake Files\dependencies\windows\SFML\cmake\Modules\;"/>
		<Build>
			<Target title="all">
				<Option working_dir="C:/Users/sidne/Documents/Code/PigeonSquare/build-debug"/>
				<Option type="4"/>
				<MakeCommands>
					<Build command="C:/mingw64/x86_64.posix.7.1/mingw64/bin/mingw32-make.exe -f &quot;C:/Users/sidne/Documents/Code/PigeonSquare/build-debug/Makefile&quot;  VERBOSE=1 all"/>
					<CompileFile command="C:/mingw64/x86_64.posix.7.1/mingw64/bin/mingw32-make.exe -f &quot;C:/Users/sidne/Documents/Code/PigeonSquare/build-debug/Makefile&quot;  VERBOSE=1 &quot;$file&quot;"/>
					<Clean command="C:/mingw64/x86_64.posix.7.1/mingw64/bin/mingw32-make.exe -f &quot;C:/Users/sidne/Documents/Code/PigeonSquare/build-debug/Makefile&quot;  VERBOSE=1 clean"/>
					<DistClean command="C:/mingw64/x86_64.posix.7.1/mingw64/bin/mingw32-make.exe -f &quot;C:/Users/sidne/Documents/Code/PigeonSquare/build-debug/Makefile&quot;  VERBOSE=1 clean"/>
				</MakeCommands>
			</Target>
			<Target title="edit_cache">
				<Option working_dir="C:/Users/sidne/Documents/Code/PigeonSquare/build-debug"/>
				<Option type="4"/>
				<MakeCommands>
					<Build command="C:/mingw64/x86_64.posix.7.1/mingw64/bin/mingw32-make.exe -f &quot;C:/Users/sidne/Documents/Code/PigeonSquare/build-debug/Makefile&quot;  VERBOSE=1 edit_cache"/>
					<CompileFile command="C:/mingw64/x86_64.posix.7.1/mingw64/bin/mingw32-make.exe -f &quot;C:/Users/sidne/Documents/Code/PigeonSquare/build-debug/Makefile&quot;  VERBOSE=1 &quot;$file&quot;"/>
					<Clean command="C:/mingw64/x86_64.posix.7.1/mingw64/bin/mingw32-make.exe -f &quot;C:/Users/sidne/Documents/Code/PigeonSquare/build-debug/Makefile&quot;  VERBOSE=1 clean"/>
					<DistClean command="C:/mingw64/x86_64.posix.7.1/mingw64/bin/mingw32-make.exe -f &quot;C:/Users/sidne/Documents/Code/PigeonSquare/build-debug/Makefile&quot;  VERBOSE=1 clean"/>
				</MakeCommands>
			</Target>
			<Target title="PigeonSquare">
				<Option output="C:/Users/sidne/Documents/Code/PigeonSquare/bin/windows/PigeonSquare.exe" prefix_auto="0" extension_auto="0"/>
				<Option working_dir="C:/Users/sidne/Documents/Code/PigeonSquare/bin/windows"/>
				<Option object_output="./"/>
				<Option type="1"/>
				<Option compiler="gcc"/>
				<Compiler>
					<Add directory="C:/Users/sidne/Documents/Code/PigeonSquare/dependencies/windows/SFML/include"/>
					<Add directory="C:/mingw64/x86_64.posix.7.1/mingw64/bin/../lib/gcc/x86_64-w64-mingw32/7.1.0/include/c++"/>
					<Add directory="C:/mingw64/x86_64.posix.7.1/mingw64/bin/../lib/gcc/x86_64-w64-mingw32/7.1.0/include/c++/x86_64-w64-mingw32"/>
					<Add directory="C:/mingw64/x86_64.posix.7.1/mingw64/bin/../lib/gcc/x86_64-w64-mingw32/7.1.0/include/c++/backward"/>
					<Add directory="C:/mingw64/x86_64.posix.7.1/mingw64/bin/../lib/gcc/x86_64-w64-mingw32/7.1.0/include"/>
					<Add directory="C:/mingw64/x86_64.posix.7.1/mingw64/bin/../lib/gcc/x86_64-w64-mingw32/7.1.0/include-fixed"/>
					<Add directory="C:/mingw64/x86_64.posix.7.1/mingw64/bin/../lib/gcc/x86_64-w64-mingw32/7.1.0/../../../../x86_64-w64-mingw32/include"/>
				</Compiler>
				<MakeCommands>
					<Build command="C:/mingw64/x86_64.posix.7.1/mingw64/bin/mingw32-make.exe -f &quot;C:/Users/sidne/Documents/Code/PigeonSquare/build-debug/Makefile&quot;  VERBOSE=1 PigeonSquare"/>
					<CompileFile command="C:/mingw64/x86_64.posix.7.1/mingw64/bin/mingw32-make.exe -f &quot;C:/Users/sidne/Documents/Code/PigeonSquare/build-debug/Makefile&quot;  VERBOSE=1 &quot;$file&quot;"/>
					<Clean command="C:/mingw64/x86_64.posix.7.1/mingw64/bin/mingw32-make.exe -f &quot;C:/Users/sidne/Documents/Code/PigeonSquare/build-debug/Makefile&quot;  VERBOSE=1 clean"/>
					<DistClean command="C:/mingw64/x86_64.posix.7.1/mingw64/bin/mingw32-make.exe -f &quot;C:/Users/sidne/Documents/Code/PigeonSquare/build-debug/Makefile&quot;  VERBOSE=1 clean"/>
				</MakeCommands>
			</Target>
			<Target title="PigeonSquare/fast">
				<Option output="C:/Users/sidne/Documents/Code/PigeonSquare/bin/windows/PigeonSquare.exe" prefix_auto="0" extension_auto="0"/>
				<Option working_dir="C:/Users/sidne/Documents/Code/PigeonSquare/bin/windows"/>
				<Option object_output="./"/>
				<Option type="1"/>
				<Option compiler="gcc"/>
				<Compiler>
					<Add directory="C:/Users/sidne/Documents/Code/PigeonSquare/dependencies/windows/SFML/include"/>
					<Add directory="C:/mingw64/x86_64.posix.7.1/mingw64/bin/../lib/gcc/x86_64-w64-mingw32/7.1.0/include/c++"/>
					<Add directory="C:/mingw64/x86_64.posix.7.1/mingw64/bin/../lib/gcc/x86_64-w64-mingw32/7.1.0/include/c++/x86_64-w64-mingw32"/>
					<Add directory="C:/mingw64/x86_64.posix.7.1/mingw64/bin/../lib/gcc/x86_64-w64-mingw32/7.1.0/include/c++/backward"/>
					<Add directory="C:/mingw64/x86_64.posix.7.1/mingw64/bin/../lib/gcc/x86_64-w64-mingw32/7.1.0/include"/>
					<Add directory="C:/mingw64/x86_64.posix.7.1/mingw64/bin/../lib/gcc/x86_64-w64-mingw32/7.1.0/include-fixed"/>
					<Add directory="C:/mingw64/x86_64.posix.7.1/mingw64/bin/../lib/gcc/x86_64-w64-mingw32/7.1.0/../../../../x86_64-w64-mingw32/include"/>
				</Compiler>
				<MakeCommands>
					<Build command="C:/mingw64/x86_64.posix.7.1/mingw64/bin/mingw32-make.exe -f &quot;C:/Users/sidne/Documents/Code/PigeonSquare/build-debug/Makefile&quot;  VERBOSE=1 PigeonSquare/fast"/>
					<CompileFile command="C:/mingw64/x86_64.posix.7.1/mingw64/bin/mingw32-make.exe -f &quot;C:/Users/sidne/Documents/Code/PigeonSquare/build-debug/Makefile&quot;  VERBOSE=1 &quot;$file&quot;"/>
					<Clean command="C:/mingw64/x86_64.posix.7.1/mingw64/bin/mingw32-make.exe -f &quot;C:/Users/sidne/Documents/Code/PigeonSquare/build-debug/Makefile&quot;  VERBOSE=1 clean"/>
					<DistClean command="C:/mingw64/x86_64.posix.7.1/mingw64/bin/mingw32-make.exe -f &quot;C:/Users/sidne/Documents/Code/PigeonSquare/build-debug/Makefile&quot;  VERBOSE=1 clean"/>
				</MakeCommands>
			</Target>
			<Target title="rebuild_cache">
				<Option working_dir="C:/Users/sidne/Documents/Code/PigeonSquare/build-debug"/>
				<Option type="4"/>
				<MakeCommands>
					<Build command="C:/mingw64/x86_64.posix.7.1/mingw64/bin/mingw32-make.exe -f &quot;C:/Users/sidne/Documents/Code/PigeonSquare/build-debug/Makefile&quot;  VERBOSE=1 rebuild_cache"/>
					<CompileFile command="C:/mingw64/x86_64.posix.7.1/mingw64/bin/mingw32-make.exe -f &quot;C:/Users/sidne/Documents/Code/PigeonSquare/build-debug/Makefile&quot;  VERBOSE=1 &quot;$file&quot;"/>
					<Clean command="C:/mingw64/x86_64.posix.7.1/mingw64/bin/mingw32-make.exe -f &quot;C:/Users/sidne/Documents/Code/PigeonSquare/build-debug/Makefile&quot;  VERBOSE=1 clean"/>
					<DistClean command="C:/mingw64/x86_64.posix.7.1/mingw64/bin/mingw32-make.exe -f &quot;C:/Users/sidne/Documents/Code/PigeonSquare/build-debug/Makefile&quot;  VERBOSE=1 clean"/>
				</MakeCommands>
			</Target>
		</Build>
		<Unit filename="C:/Users/sidne/Documents/Code/PigeonSquare/src/Bread.hpp">
			<Option target="PigeonSquare"/>
		</Unit>
		<Unit filename="C:/Users/sidne/Documents/Code/PigeonSquare/src/Pigeon.cpp">
			<Option target="PigeonSquare"/>
		</Unit>
		<Unit filename="C:/Users/sidne/Documents/Code/PigeonSquare/src/Pigeon.hpp">
			<Option target="PigeonSquare"/>
		</Unit>
		<Unit filename="C:/Users/sidne/Documents/Code/PigeonSquare/src/PigeonConfig.hpp">
			<Option target="PigeonSquare"/>
		</Unit>
		<Unit filename="C:/Users/sidne/Documents/Code/PigeonSquare/src/Runnable.cpp">
			<Option target="PigeonSquare"/>
		</Unit>
		<Unit filename="C:/Users/sidne/Documents/Code/PigeonSquare/src/Runnable.hpp">
			<Option target="PigeonSquare"/>
		</Unit>
		<Unit filename="C:/Users/sidne/Documents/Code/PigeonSquare/src/Window.cpp">
			<Option target="PigeonSquare"/>
		</Unit>
		<Unit filename="C:/Users/sidne/Documents/Code/PigeonSquare/src/Window.hpp">
			<Option target="PigeonSquare"/>
		</Unit>
		<Unit filename="C:/Users/sidne/Documents/Code/PigeonSquare/src/World.cpp">
			<Option target="PigeonSquare"/>
		</Unit>
		<Unit filename="C:/Users/sidne/Documents/Code/PigeonSquare/src/World.hpp">
			<Option target="PigeonSquare"/>
		</Unit>
		<Unit filename="C:/Users/sidne/Documents/Code/PigeonSquare/src/WorldConfig.hpp">
			<Option target="PigeonSquare"/>
		</Unit>
		<Unit filename="C:/Users/sidne/Documents/Code/PigeonSquare/src/main.cpp">
			<Option target="PigeonSquare"/>
		</Unit>
		<Unit filename="C:/Users/sidne/Documents/Code/PigeonSquare/CMakeLists.txt">
			<Option virtualFolder="CMake Files\"/>
		</Unit>
		<Unit filename="C:/Users/sidne/Documents/Code/PigeonSquare/dependencies/windows/SFML/cmake/Modules/FindSFML.cmake">
			<Option virtualFolder="CMake Files\dependencies\windows\SFML\cmake\Modules\"/>
		</Unit>
	</Project>
</CodeBlocks_project_file>
